<?xml version="1.0" encoding="utf-8"?>
<Project ToolsVersion="4.0" xmlns="http://schemas.microsoft.com/developer/msbuild/2003">
  <ItemGroup>
    <Filter Include="Source Files">
      <UniqueIdentifier>{4FC737F1-C7A5-4376-A066-2A32D752A2FF}</UniqueIdentifier>
      <Extensions>cpp;c;cc;cxx;def;odl;idl;hpj;bat;asm;asmx</Extensions>
    </Filter>
    <Filter Include="Header Files">
      <UniqueIdentifier>{93995380-89BD-4b04-88EB-625FBE52EBFB}</UniqueIdentifier>
      <Extensions>h;hpp;hxx;hm;inl;inc;xsd</Extensions>
    </Filter>
    <Filter Include="Resource Files">
      <UniqueIdentifier>{67DA6AB6-F800-4c08-8B7A-83BB121AAD01}</UniqueIdentifier>
      <Extensions>rc;ico;cur;bmp;dlg;rc2;rct;bin;rgs;gif;jpg;jpeg;jpe;resx;tiff;tif;png;wav;mfcribbon-ms</Extensions>
    </Filter>
    <Filter Include="cute">
      <UniqueIdentifier>{714a08a4-c424-496e-aca0-40f1c5ce73be}</UniqueIdentifier>
    </Filter>
    <Filter Include="graphviewer">
      <UniqueIdentifier>{31c0338a-9e8a-41c1-8a70-d461ed1c6dab}</UniqueIdentifier>
    </Filter>
    <Filter Include="dirent">
      <UniqueIdentifier>{bfbc77ec-6069-43d2-918b-edd2f9c9ff3d}</UniqueIdentifier>
    </Filter>
  </ItemGroup>
  <ItemGroup>
    <ClCompile Include="graphviewer\connection.cpp">
      <Filter>graphviewer</Filter>
    </ClCompile>
    <ClCompile Include="graphviewer\graphviewer.cpp">
      <Filter>graphviewer</Filter>
    </ClCompile>
    <ClCompile Include="src\bytebuffer.cpp">
      <Filter>Source Files</Filter>
    </ClCompile>
    <ClCompile Include="src\file.cpp">
      <Filter>Source Files</Filter>
    </ClCompile>
    <ClCompile Include="src\Master.cpp">
      <Filter>Source Files</Filter>
    </ClCompile>
    <ClCompile Include="src\menu.cpp">
      <Filter>Source Files</Filter>
    </ClCompile>
    <ClCompile Include="src\Owner.cpp">
      <Filter>Source Files</Filter>
    </ClCompile>
    <ClCompile Include="src\Person.cpp">
      <Filter>Source Files</Filter>
    </ClCompile>
    <ClCompile Include="src\Project.cpp">
      <Filter>Source Files</Filter>
    </ClCompile>
    <ClCompile Include="src\Student.cpp">
      <Filter>Source Files</Filter>
    </ClCompile>
    <ClCompile Include="src\utils.cpp">
      <Filter>Source Files</Filter>
    </ClCompile>
    <ClCompile Include="src\main.cpp">
      <Filter>Source Files</Filter>
    </ClCompile>
  </ItemGroup>
  <ItemGroup>
    <ClInclude Include="cute\cute.h">
      <Filter>cute</Filter>
    </ClInclude>
    <ClInclude Include="cute\cute_base.h">
      <Filter>cute</Filter>
    </ClInclude>
    <ClInclude Include="cute\cute_counting_listener.h">
      <Filter>cute</Filter>
    </ClInclude>
    <ClInclude Include="cute\cute_demangle.h">
      <Filter>cute</Filter>
    </ClInclude>
    <ClInclude Include="cute\cute_determine_library.h">
      <Filter>cute</Filter>
    </ClInclude>
    <ClInclude Include="cute\cute_determine_version.h">
      <Filter>cute</Filter>
    </ClInclude>
    <ClInclude Include="cute\cute_equals.h">
      <Filter>cute</Filter>
    </ClInclude>
    <ClInclude Include="cute\cute_listener.h">
      <Filter>cute</Filter>
    </ClInclude>
    <ClInclude Include="cute\cute_repeated_test.h">
      <Filter>cute</Filter>
    </ClInclude>
    <ClInclude Include="cute\cute_runner.h">
      <Filter>cute</Filter>
    </ClInclude>
    <ClInclude Include="cute\cute_suite.h">
      <Filter>cute</Filter>
    </ClInclude>
    <ClInclude Include="cute\cute_suite_test.h">
      <Filter>cute</Filter>
    </ClInclude>
    <ClInclude Include="cute\cute_test.h">
      <Filter>cute</Filter>
    </ClInclude>
    <ClInclude Include="cute\cute_test_incarnate.h">
      <Filter>cute</Filter>
    </ClInclude>
    <ClInclude Include="cute\cute_testmember.h">
      <Filter>cute</Filter>
    </ClInclude>
    <ClInclude Include="cute\cute_throws.h">
      <Filter>cute</Filter>
    </ClInclude>
    <ClInclude Include="cute\cute_version.h">
      <Filter>cute</Filter>
    </ClInclude>
    <ClInclude Include="cute\ide_listener.h">
      <Filter>cute</Filter>
    </ClInclude>
    <ClInclude Include="cute\ostream_listener.h">
      <Filter>cute</Filter>
    </ClInclude>
    <ClInclude Include="cute\vstudio_listener.h">
      <Filter>cute</Filter>
    </ClInclude>
    <ClInclude Include="cute\eclipse_listener.h">
      <Filter>cute</Filter>
    </ClInclude>
    <ClInclude Include="graphviewer\connection.h">
      <Filter>graphviewer</Filter>
    </ClInclude>
    <ClInclude Include="graphviewer\edgetype.h">
      <Filter>graphviewer</Filter>
    </ClInclude>
    <ClInclude Include="graphviewer\graphviewer.h">
      <Filter>graphviewer</Filter>
    </ClInclude>
    <ClInclude Include="dirent\dirent.h">
      <Filter>dirent</Filter>
    </ClInclude>
    <ClInclude Include="src\file.h">
      <Filter>Header Files</Filter>
    </ClInclude>
    <ClInclude Include="src\Graph.h">
      <Filter>Header Files</Filter>
    </ClInclude>
    <ClInclude Include="src\loader.h">
      <Filter>Header Files</Filter>
    </ClInclude>
    <ClInclude Include="src\Master.h">
      <Filter>Header Files</Filter>
    </ClInclude>
    <ClInclude Include="src\menu.h">
      <Filter>Header Files</Filter>
    </ClInclude>
    <ClInclude Include="src\Owner.h">
      <Filter>Header Files</Filter>
    </ClInclude>
    <ClInclude Include="src\Person.h">
      <Filter>Header Files</Filter>
    </ClInclude>
    <ClInclude Include="src\Project.h">
      <Filter>Header Files</Filter>
    </ClInclude>
    <ClInclude Include="src\saveLoad.h">
      <Filter>Header Files</Filter>
    </ClInclude>
    <ClInclude Include="src\Student.h">
      <Filter>Header Files</Filter>
    </ClInclude>
    <ClInclude Include="src\utils.h">
      <Filter>Header Files</Filter>
    </ClInclude>
    <ClInclude Include="src\bytebuffer.h">
      <Filter>Header Files</Filter>
    </ClInclude>
    <ClInclude Include="src\consolereader.h">
      <Filter>Header Files</Filter>
    </ClInclude>
  </ItemGroup>
  <ItemGroup>
    <Text Include="cute\gpl.txt">
      <Filter>cute</Filter>
    </Text>
    <Text Include="cute\lgpl.txt">
      <Filter>cute</Filter>
    </Text>
  </ItemGroup>
  <ItemGroup>
    <None Include="graphviewer\GraphViewerController.jar">
      <Filter>Resource Files</Filter>
    </None>
  </ItemGroup>
</Project>